// !$*UTF8*$!
{
	archiveVersion = 1;
	classes = {
	};
	objectVersion = 46;
	objects = {

/* Begin PBXBuildFile section */
		2409036118DDCF63006A0CD4 /* MapBoundsTests.m in Sources */ = {isa = PBXBuildFile; fileRef = 2409036018DDCF63006A0CD4 /* MapBoundsTests.m */; };
		241FB7CA18E5CDDA00F2DF9C /* SimpleLocation.m in Sources */ = {isa = PBXBuildFile; fileRef = 241FB7C918E5CDDA00F2DF9C /* SimpleLocation.m */; };
		241FB7CD18E5CE0A00F2DF9C /* MapBounds.m in Sources */ = {isa = PBXBuildFile; fileRef = 241FB7CC18E5CE0A00F2DF9C /* MapBounds.m */; };
		2441693A1903B67F005D5AC8 /* RU-MOS.db in Resources */ = {isa = PBXBuildFile; fileRef = 244169391903B67F005D5AC8 /* RU-MOS.db */; };
		248E2D1718CA0D2E00E55838 /* SQLiteDatabaseMapDataSource.m in Sources */ = {isa = PBXBuildFile; fileRef = 248E2D1618CA0D2E00E55838 /* SQLiteDatabaseMapDataSource.m */; };
		248E2D1E18CA1BA300E55838 /* libsqlite3.0.dylib in Frameworks */ = {isa = PBXBuildFile; fileRef = 248E2D1D18CA1BA300E55838 /* libsqlite3.0.dylib */; };
		24BDBF2E18E6B686007CF7C3 /* testDatabase.db in Resources */ = {isa = PBXBuildFile; fileRef = 24BDBF2D18E6B686007CF7C3 /* testDatabase.db */; };
		24FFED0418C8F06E001D22FE /* Foundation.framework in Frameworks */ = {isa = PBXBuildFile; fileRef = 24FFED0318C8F06E001D22FE /* Foundation.framework */; };
		24FFED0618C8F06E001D22FE /* CoreGraphics.framework in Frameworks */ = {isa = PBXBuildFile; fileRef = 24FFED0518C8F06E001D22FE /* CoreGraphics.framework */; };
		24FFED0818C8F06E001D22FE /* UIKit.framework in Frameworks */ = {isa = PBXBuildFile; fileRef = 24FFED0718C8F06E001D22FE /* UIKit.framework */; };
		24FFED0E18C8F06E001D22FE /* InfoPlist.strings in Resources */ = {isa = PBXBuildFile; fileRef = 24FFED0C18C8F06E001D22FE /* InfoPlist.strings */; };
		24FFED1018C8F06E001D22FE /* main.m in Sources */ = {isa = PBXBuildFile; fileRef = 24FFED0F18C8F06E001D22FE /* main.m */; };
		24FFED1418C8F06E001D22FE /* AppDelegate.m in Sources */ = {isa = PBXBuildFile; fileRef = 24FFED1318C8F06E001D22FE /* AppDelegate.m */; };
		24FFED1718C8F06E001D22FE /* Main_iPhone.storyboard in Resources */ = {isa = PBXBuildFile; fileRef = 24FFED1518C8F06E001D22FE /* Main_iPhone.storyboard */; };
		24FFED1A18C8F06E001D22FE /* Main_iPad.storyboard in Resources */ = {isa = PBXBuildFile; fileRef = 24FFED1818C8F06E001D22FE /* Main_iPad.storyboard */; };
		24FFED1D18C8F06E001D22FE /* ViewController.m in Sources */ = {isa = PBXBuildFile; fileRef = 24FFED1C18C8F06E001D22FE /* ViewController.m */; };
		24FFED1F18C8F06E001D22FE /* Images.xcassets in Resources */ = {isa = PBXBuildFile; fileRef = 24FFED1E18C8F06E001D22FE /* Images.xcassets */; };
		24FFED2618C8F06F001D22FE /* XCTest.framework in Frameworks */ = {isa = PBXBuildFile; fileRef = 24FFED2518C8F06F001D22FE /* XCTest.framework */; };
		24FFED2718C8F06F001D22FE /* Foundation.framework in Frameworks */ = {isa = PBXBuildFile; fileRef = 24FFED0318C8F06E001D22FE /* Foundation.framework */; };
		24FFED2818C8F06F001D22FE /* UIKit.framework in Frameworks */ = {isa = PBXBuildFile; fileRef = 24FFED0718C8F06E001D22FE /* UIKit.framework */; };
		24FFED3018C8F06F001D22FE /* InfoPlist.strings in Resources */ = {isa = PBXBuildFile; fileRef = 24FFED2E18C8F06F001D22FE /* InfoPlist.strings */; };
/* End PBXBuildFile section */

/* Begin PBXContainerItemProxy section */
		24FFED2918C8F06F001D22FE /* PBXContainerItemProxy */ = {
			isa = PBXContainerItemProxy;
			containerPortal = 24FFECF818C8F06E001D22FE /* Project object */;
			proxyType = 1;
			remoteGlobalIDString = 24FFECFF18C8F06E001D22FE;
			remoteInfo = OSMViewer;
		};
/* End PBXContainerItemProxy section */

/* Begin PBXFileReference section */
		2409036018DDCF63006A0CD4 /* MapBoundsTests.m */ = {isa = PBXFileReference; fileEncoding = 4; lastKnownFileType = sourcecode.c.objc; name = MapBoundsTests.m; path = MapDefenitionUtilitiesTests/MapBoundsTests.m; sourceTree = "<group>"; };
		241FB7C818E5CDDA00F2DF9C /* SimpleLocation.h */ = {isa = PBXFileReference; fileEncoding = 4; lastKnownFileType = sourcecode.c.h; name = SimpleLocation.h; path = OSMViewer/MapDefenitionUtilities/SimpleLocation.h; sourceTree = "<group>"; };
		241FB7C918E5CDDA00F2DF9C /* SimpleLocation.m */ = {isa = PBXFileReference; fileEncoding = 4; lastKnownFileType = sourcecode.c.objc; name = SimpleLocation.m; path = OSMViewer/MapDefenitionUtilities/SimpleLocation.m; sourceTree = "<group>"; };
		241FB7CB18E5CE0A00F2DF9C /* MapBounds.h */ = {isa = PBXFileReference; fileEncoding = 4; lastKnownFileType = sourcecode.c.h; name = MapBounds.h; path = OSMViewer/MapDefenitionUtilities/MapBounds.h; sourceTree = "<group>"; };
		241FB7CC18E5CE0A00F2DF9C /* MapBounds.m */ = {isa = PBXFileReference; fileEncoding = 4; lastKnownFileType = sourcecode.c.objc; name = MapBounds.m; path = OSMViewer/MapDefenitionUtilities/MapBounds.m; sourceTree = "<group>"; };
		244169391903B67F005D5AC8 /* RU-MOS.db */ = {isa = PBXFileReference; lastKnownFileType = file; path = "RU-MOS.db"; sourceTree = "<group>"; };
		248E2D1418CA0CEA00E55838 /* MapDataSource.h */ = {isa = PBXFileReference; lastKnownFileType = sourcecode.c.h; name = MapDataSource.h; path = OSMViewer/Map/MapDataSource.h; sourceTree = "<group>"; };
		248E2D1518CA0D2E00E55838 /* SQLiteDatabaseMapDataSource.h */ = {isa = PBXFileReference; fileEncoding = 4; lastKnownFileType = sourcecode.c.h; name = SQLiteDatabaseMapDataSource.h; path = OSMViewer/SQLiteMapDataSource/SQLiteDatabaseMapDataSource.h; sourceTree = "<group>"; };
		248E2D1618CA0D2E00E55838 /* SQLiteDatabaseMapDataSource.m */ = {isa = PBXFileReference; fileEncoding = 4; lastKnownFileType = sourcecode.c.objc; name = SQLiteDatabaseMapDataSource.m; path = OSMViewer/SQLiteMapDataSource/SQLiteDatabaseMapDataSource.m; sourceTree = "<group>"; };
		248E2D1818CA0DF200E55838 /* MapDataSourceFetchResultsHandler.h */ = {isa = PBXFileReference; lastKnownFileType = sourcecode.c.h; name = MapDataSourceFetchResultsHandler.h; path = OSMViewer/Map/MapDataSourceFetchResultsHandler.h; sourceTree = "<group>"; };
		248E2D1D18CA1BA300E55838 /* libsqlite3.0.dylib */ = {isa = PBXFileReference; lastKnownFileType = "compiled.mach-o.dylib"; name = libsqlite3.0.dylib; path = usr/lib/libsqlite3.0.dylib; sourceTree = SDKROOT; };
		24BDBF2D18E6B686007CF7C3 /* testDatabase.db */ = {isa = PBXFileReference; lastKnownFileType = file; name = testDatabase.db; path = SQLiteMapDataSourceTests/testDatabase.db; sourceTree = "<group>"; };
		24FFED0018C8F06E001D22FE /* OSMViewer.app */ = {isa = PBXFileReference; explicitFileType = wrapper.application; includeInIndex = 0; path = OSMViewer.app; sourceTree = BUILT_PRODUCTS_DIR; };
		24FFED0318C8F06E001D22FE /* Foundation.framework */ = {isa = PBXFileReference; lastKnownFileType = wrapper.framework; name = Foundation.framework; path = System/Library/Frameworks/Foundation.framework; sourceTree = SDKROOT; };
		24FFED0518C8F06E001D22FE /* CoreGraphics.framework */ = {isa = PBXFileReference; lastKnownFileType = wrapper.framework; name = CoreGraphics.framework; path = System/Library/Frameworks/CoreGraphics.framework; sourceTree = SDKROOT; };
		24FFED0718C8F06E001D22FE /* UIKit.framework */ = {isa = PBXFileReference; lastKnownFileType = wrapper.framework; name = UIKit.framework; path = System/Library/Frameworks/UIKit.framework; sourceTree = SDKROOT; };
		24FFED0B18C8F06E001D22FE /* OSMViewer-Info.plist */ = {isa = PBXFileReference; lastKnownFileType = text.plist.xml; path = "OSMViewer-Info.plist"; sourceTree = "<group>"; };
		24FFED0D18C8F06E001D22FE /* en */ = {isa = PBXFileReference; lastKnownFileType = text.plist.strings; name = en; path = en.lproj/InfoPlist.strings; sourceTree = "<group>"; };
		24FFED0F18C8F06E001D22FE /* main.m */ = {isa = PBXFileReference; lastKnownFileType = sourcecode.c.objc; path = main.m; sourceTree = "<group>"; };
		24FFED1118C8F06E001D22FE /* OSMViewer-Prefix.pch */ = {isa = PBXFileReference; lastKnownFileType = sourcecode.c.h; path = "OSMViewer-Prefix.pch"; sourceTree = "<group>"; };
		24FFED1218C8F06E001D22FE /* AppDelegate.h */ = {isa = PBXFileReference; lastKnownFileType = sourcecode.c.h; path = AppDelegate.h; sourceTree = "<group>"; };
		24FFED1318C8F06E001D22FE /* AppDelegate.m */ = {isa = PBXFileReference; lastKnownFileType = sourcecode.c.objc; path = AppDelegate.m; sourceTree = "<group>"; };
		24FFED1618C8F06E001D22FE /* Base */ = {isa = PBXFileReference; lastKnownFileType = file.storyboard; name = Base; path = Base.lproj/Main_iPhone.storyboard; sourceTree = "<group>"; };
		24FFED1918C8F06E001D22FE /* Base */ = {isa = PBXFileReference; lastKnownFileType = file.storyboard; name = Base; path = Base.lproj/Main_iPad.storyboard; sourceTree = "<group>"; };
		24FFED1B18C8F06E001D22FE /* ViewController.h */ = {isa = PBXFileReference; lastKnownFileType = sourcecode.c.h; path = ViewController.h; sourceTree = "<group>"; };
		24FFED1C18C8F06E001D22FE /* ViewController.m */ = {isa = PBXFileReference; lastKnownFileType = sourcecode.c.objc; path = ViewController.m; sourceTree = "<group>"; };
		24FFED1E18C8F06E001D22FE /* Images.xcassets */ = {isa = PBXFileReference; lastKnownFileType = folder.assetcatalog; path = Images.xcassets; sourceTree = "<group>"; };
		24FFED2418C8F06F001D22FE /* OSMViewerTests.xctest */ = {isa = PBXFileReference; explicitFileType = wrapper.cfbundle; includeInIndex = 0; path = OSMViewerTests.xctest; sourceTree = BUILT_PRODUCTS_DIR; };
		24FFED2518C8F06F001D22FE /* XCTest.framework */ = {isa = PBXFileReference; lastKnownFileType = wrapper.framework; name = XCTest.framework; path = Library/Frameworks/XCTest.framework; sourceTree = DEVELOPER_DIR; };
		24FFED2D18C8F06F001D22FE /* OSMViewerTests-Info.plist */ = {isa = PBXFileReference; lastKnownFileType = text.plist.xml; path = "OSMViewerTests-Info.plist"; sourceTree = "<group>"; };
		24FFED2F18C8F06F001D22FE /* en */ = {isa = PBXFileReference; lastKnownFileType = text.plist.strings; name = en; path = en.lproj/InfoPlist.strings; sourceTree = "<group>"; };
/* End PBXFileReference section */

/* Begin PBXFrameworksBuildPhase section */
		24FFECFD18C8F06E001D22FE /* Frameworks */ = {
			isa = PBXFrameworksBuildPhase;
			buildActionMask = 2147483647;
			files = (
				248E2D1E18CA1BA300E55838 /* libsqlite3.0.dylib in Frameworks */,
				24FFED0618C8F06E001D22FE /* CoreGraphics.framework in Frameworks */,
				24FFED0818C8F06E001D22FE /* UIKit.framework in Frameworks */,
				24FFED0418C8F06E001D22FE /* Foundation.framework in Frameworks */,
			);
			runOnlyForDeploymentPostprocessing = 0;
		};
		24FFED2118C8F06F001D22FE /* Frameworks */ = {
			isa = PBXFrameworksBuildPhase;
			buildActionMask = 2147483647;
			files = (
				24FFED2618C8F06F001D22FE /* XCTest.framework in Frameworks */,
				24FFED2818C8F06F001D22FE /* UIKit.framework in Frameworks */,
				24FFED2718C8F06F001D22FE /* Foundation.framework in Frameworks */,
			);
			runOnlyForDeploymentPostprocessing = 0;
		};
/* End PBXFrameworksBuildPhase section */

/* Begin PBXGroup section */
		2409035D18DDCEDE006A0CD4 /* MapDefenitionUtilitiesTests */ = {
			isa = PBXGroup;
			children = (
				2409036018DDCF63006A0CD4 /* MapBoundsTests.m */,
			);
			name = MapDefenitionUtilitiesTests;
			sourceTree = "<group>";
		};
		2409035E18DDCEF1006A0CD4 /* SQLiteMapDataSourceTests */ = {
			isa = PBXGroup;
			children = (
				24BDBF2D18E6B686007CF7C3 /* testDatabase.db */,
			);
			name = SQLiteMapDataSourceTests;
			sourceTree = "<group>";
		};
		2409035F18DDCEFF006A0CD4 /* MapTests */ = {
			isa = PBXGroup;
			children = (
			);
			name = MapTests;
			sourceTree = "<group>";
		};
		248E2D1218CA0CC000E55838 /* Map */ = {
			isa = PBXGroup;
			children = (
				248E2D1418CA0CEA00E55838 /* MapDataSource.h */,
				248E2D1818CA0DF200E55838 /* MapDataSourceFetchResultsHandler.h */,
			);
			name = Map;
			path = ..;
			sourceTree = "<group>";
		};
		248E2D1318CA0CC700E55838 /* SQLiteMapDataSource */ = {
			isa = PBXGroup;
			children = (
				248E2D1518CA0D2E00E55838 /* SQLiteDatabaseMapDataSource.h */,
				248E2D1618CA0D2E00E55838 /* SQLiteDatabaseMapDataSource.m */,
			);
			name = SQLiteMapDataSource;
			path = ..;
			sourceTree = "<group>";
		};
		248E2D1918CA0E0300E55838 /* MapDefenitionUtilities */ = {
			isa = PBXGroup;
			children = (
				241FB7CB18E5CE0A00F2DF9C /* MapBounds.h */,
				241FB7CC18E5CE0A00F2DF9C /* MapBounds.m */,
				241FB7C818E5CDDA00F2DF9C /* SimpleLocation.h */,
				241FB7C918E5CDDA00F2DF9C /* SimpleLocation.m */,
			);
			name = MapDefenitionUtilities;
			path = ..;
			sourceTree = "<group>";
		};
		24FFECF718C8F06E001D22FE = {
			isa = PBXGroup;
			children = (
				24FFED0918C8F06E001D22FE /* OSMViewer */,
				24FFED2B18C8F06F001D22FE /* OSMViewerTests */,
				24FFED0218C8F06E001D22FE /* Frameworks */,
				24FFED0118C8F06E001D22FE /* Products */,
			);
			sourceTree = "<group>";
		};
		24FFED0118C8F06E001D22FE /* Products */ = {
			isa = PBXGroup;
			children = (
				24FFED0018C8F06E001D22FE /* OSMViewer.app */,
				24FFED2418C8F06F001D22FE /* OSMViewerTests.xctest */,
			);
			name = Products;
			sourceTree = "<group>";
		};
		24FFED0218C8F06E001D22FE /* Frameworks */ = {
			isa = PBXGroup;
			children = (
				248E2D1D18CA1BA300E55838 /* libsqlite3.0.dylib */,
				24FFED0318C8F06E001D22FE /* Foundation.framework */,
				24FFED0518C8F06E001D22FE /* CoreGraphics.framework */,
				24FFED0718C8F06E001D22FE /* UIKit.framework */,
				24FFED2518C8F06F001D22FE /* XCTest.framework */,
			);
			name = Frameworks;
			sourceTree = "<group>";
		};
		24FFED0918C8F06E001D22FE /* OSMViewer */ = {
			isa = PBXGroup;
			children = (
				248E2D1918CA0E0300E55838 /* MapDefenitionUtilities */,
				248E2D1318CA0CC700E55838 /* SQLiteMapDataSource */,
				248E2D1218CA0CC000E55838 /* Map */,
				24FFED1218C8F06E001D22FE /* AppDelegate.h */,
				24FFED1318C8F06E001D22FE /* AppDelegate.m */,
				24FFED1518C8F06E001D22FE /* Main_iPhone.storyboard */,
				24FFED1818C8F06E001D22FE /* Main_iPad.storyboard */,
				24FFED1B18C8F06E001D22FE /* ViewController.h */,
				24FFED1C18C8F06E001D22FE /* ViewController.m */,
				24FFED1E18C8F06E001D22FE /* Images.xcassets */,
				24FFED0A18C8F06E001D22FE /* Supporting Files */,
			);
			path = OSMViewer;
			sourceTree = "<group>";
		};
		24FFED0A18C8F06E001D22FE /* Supporting Files */ = {
			isa = PBXGroup;
			children = (
				244169391903B67F005D5AC8 /* RU-MOS.db */,
				24FFED0B18C8F06E001D22FE /* OSMViewer-Info.plist */,
				24FFED0C18C8F06E001D22FE /* InfoPlist.strings */,
				24FFED0F18C8F06E001D22FE /* main.m */,
				24FFED1118C8F06E001D22FE /* OSMViewer-Prefix.pch */,
			);
			name = "Supporting Files";
			sourceTree = "<group>";
		};
		24FFED2B18C8F06F001D22FE /* OSMViewerTests */ = {
			isa = PBXGroup;
			children = (
				2409035F18DDCEFF006A0CD4 /* MapTests */,
				2409035E18DDCEF1006A0CD4 /* SQLiteMapDataSourceTests */,
				2409035D18DDCEDE006A0CD4 /* MapDefenitionUtilitiesTests */,
				24FFED2C18C8F06F001D22FE /* Supporting Files */,
			);
			path = OSMViewerTests;
			sourceTree = "<group>";
		};
		24FFED2C18C8F06F001D22FE /* Supporting Files */ = {
			isa = PBXGroup;
			children = (
				24FFED2D18C8F06F001D22FE /* OSMViewerTests-Info.plist */,
				24FFED2E18C8F06F001D22FE /* InfoPlist.strings */,
			);
			name = "Supporting Files";
			sourceTree = "<group>";
		};
/* End PBXGroup section */

/* Begin PBXNativeTarget section */
		24FFECFF18C8F06E001D22FE /* OSMViewer */ = {
			isa = PBXNativeTarget;
			buildConfigurationList = 24FFED3518C8F06F001D22FE /* Build configuration list for PBXNativeTarget "OSMViewer" */;
			buildPhases = (
				24FFECFC18C8F06E001D22FE /* Sources */,
				24FFECFD18C8F06E001D22FE /* Frameworks */,
				24FFECFE18C8F06E001D22FE /* Resources */,
			);
			buildRules = (
			);
			dependencies = (
			);
			name = OSMViewer;
			productName = OSMViewer;
			productReference = 24FFED0018C8F06E001D22FE /* OSMViewer.app */;
			productType = "com.apple.product-type.application";
		};
		24FFED2318C8F06F001D22FE /* OSMViewerTests */ = {
			isa = PBXNativeTarget;
			buildConfigurationList = 24FFED3818C8F06F001D22FE /* Build configuration list for PBXNativeTarget "OSMViewerTests" */;
			buildPhases = (
				24FFED2018C8F06F001D22FE /* Sources */,
				24FFED2118C8F06F001D22FE /* Frameworks */,
				24FFED2218C8F06F001D22FE /* Resources */,
			);
			buildRules = (
			);
			dependencies = (
				24FFED2A18C8F06F001D22FE /* PBXTargetDependency */,
			);
			name = OSMViewerTests;
			productName = OSMViewerTests;
			productReference = 24FFED2418C8F06F001D22FE /* OSMViewerTests.xctest */;
			productType = "com.apple.product-type.bundle.unit-test";
		};
/* End PBXNativeTarget section */

/* Begin PBXProject section */
		24FFECF818C8F06E001D22FE /* Project object */ = {
			isa = PBXProject;
			attributes = {
				LastUpgradeCheck = 0510;
				ORGANIZATIONNAME = "Александр Преображенцев";
				TargetAttributes = {
					24FFED2318C8F06F001D22FE = {
						TestTargetID = 24FFECFF18C8F06E001D22FE;
					};
				};
			};
			buildConfigurationList = 24FFECFB18C8F06E001D22FE /* Build configuration list for PBXProject "OSMViewer" */;
			compatibilityVersion = "Xcode 3.2";
			developmentRegion = English;
			hasScannedForEncodings = 0;
			knownRegions = (
				en,
				Base,
			);
			mainGroup = 24FFECF718C8F06E001D22FE;
			productRefGroup = 24FFED0118C8F06E001D22FE /* Products */;
			projectDirPath = "";
			projectRoot = "";
			targets = (
				24FFECFF18C8F06E001D22FE /* OSMViewer */,
				24FFED2318C8F06F001D22FE /* OSMViewerTests */,
			);
		};
/* End PBXProject section */

/* Begin PBXResourcesBuildPhase section */
		24FFECFE18C8F06E001D22FE /* Resources */ = {
			isa = PBXResourcesBuildPhase;
			buildActionMask = 2147483647;
			files = (
				24FFED1A18C8F06E001D22FE /* Main_iPad.storyboard in Resources */,
				24FFED1F18C8F06E001D22FE /* Images.xcassets in Resources */,
				24FFED1718C8F06E001D22FE /* Main_iPhone.storyboard in Resources */,
				2441693A1903B67F005D5AC8 /* RU-MOS.db in Resources */,
				24FFED0E18C8F06E001D22FE /* InfoPlist.strings in Resources */,
			);
			runOnlyForDeploymentPostprocessing = 0;
		};
		24FFED2218C8F06F001D22FE /* Resources */ = {
			isa = PBXResourcesBuildPhase;
			buildActionMask = 2147483647;
			files = (
				24BDBF2E18E6B686007CF7C3 /* testDatabase.db in Resources */,
				24FFED3018C8F06F001D22FE /* InfoPlist.strings in Resources */,
			);
			runOnlyForDeploymentPostprocessing = 0;
		};
/* End PBXResourcesBuildPhase section */

/* Begin PBXSourcesBuildPhase section */
		24FFECFC18C8F06E001D22FE /* Sources */ = {
			isa = PBXSourcesBuildPhase;
			buildActionMask = 2147483647;
			files = (
				248E2D1718CA0D2E00E55838 /* SQLiteDatabaseMapDataSource.m in Sources */,
				24FFED1D18C8F06E001D22FE /* ViewController.m in Sources */,
				241FB7CA18E5CDDA00F2DF9C /* SimpleLocation.m in Sources */,
				24FFED1418C8F06E001D22FE /* AppDelegate.m in Sources */,
				24FFED1018C8F06E001D22FE /* main.m in Sources */,
				241FB7CD18E5CE0A00F2DF9C /* MapBounds.m in Sources */,
			);
			runOnlyForDeploymentPostprocessing = 0;
		};
		24FFED2018C8F06F001D22FE /* Sources */ = {
			isa = PBXSourcesBuildPhase;
			buildActionMask = 2147483647;
			files = (
				2409036118DDCF63006A0CD4 /* MapBoundsTests.m in Sources */,
			);
			runOnlyForDeploymentPostprocessing = 0;
		};
/* End PBXSourcesBuildPhase section */

/* Begin PBXTargetDependency section */
		24FFED2A18C8F06F001D22FE /* PBXTargetDependency */ = {
			isa = PBXTargetDependency;
			target = 24FFECFF18C8F06E001D22FE /* OSMViewer */;
			targetProxy = 24FFED2918C8F06F001D22FE /* PBXContainerItemProxy */;
		};
/* End PBXTargetDependency section */

/* Begin PBXVariantGroup section */
		24FFED0C18C8F06E001D22FE /* InfoPlist.strings */ = {
			isa = PBXVariantGroup;
			children = (
				24FFED0D18C8F06E001D22FE /* en */,
			);
			name = InfoPlist.strings;
			sourceTree = "<group>";
		};
		24FFED1518C8F06E001D22FE /* Main_iPhone.storyboard */ = {
			isa = PBXVariantGroup;
			children = (
				24FFED1618C8F06E001D22FE /* Base */,
			);
			name = Main_iPhone.storyboard;
			sourceTree = "<group>";
		};
		24FFED1818C8F06E001D22FE /* Main_iPad.storyboard */ = {
			isa = PBXVariantGroup;
			children = (
				24FFED1918C8F06E001D22FE /* Base */,
			);
			name = Main_iPad.storyboard;
			sourceTree = "<group>";
		};
		24FFED2E18C8F06F001D22FE /* InfoPlist.strings */ = {
			isa = PBXVariantGroup;
			children = (
				24FFED2F18C8F06F001D22FE /* en */,
			);
			name = InfoPlist.strings;
			sourceTree = "<group>";
		};
/* End PBXVariantGroup section */

/* Begin XCBuildConfiguration section */
		24FFED3318C8F06F001D22FE /* Debug */ = {
			isa = XCBuildConfiguration;
			buildSettings = {
				ALWAYS_SEARCH_USER_PATHS = NO;
				CLANG_CXX_LANGUAGE_STANDARD = "gnu++0x";
				CLANG_CXX_LIBRARY = "libc++";
				CLANG_ENABLE_MODULES = YES;
				CLANG_ENABLE_OBJC_ARC = YES;
				CLANG_WARN_BOOL_CONVERSION = YES;
				CLANG_WARN_CONSTANT_CONVERSION = YES;
				CLANG_WARN_DIRECT_OBJC_ISA_USAGE = YES_ERROR;
				CLANG_WARN_EMPTY_BODY = YES;
				CLANG_WARN_ENUM_CONVERSION = YES;
				CLANG_WARN_INT_CONVERSION = YES;
				CLANG_WARN_OBJC_ROOT_CLASS = YES_ERROR;
				CLANG_WARN__DUPLICATE_METHOD_MATCH = YES;
				"CODE_SIGN_IDENTITY[sdk=iphoneos*]" = "iPhone Developer";
				COPY_PHASE_STRIP = NO;
				GCC_C_LANGUAGE_STANDARD = gnu99;
				GCC_DYNAMIC_NO_PIC = NO;
				GCC_OPTIMIZATION_LEVEL = 0;
				GCC_PREPROCESSOR_DEFINITIONS = (
					"DEBUG=1",
					"$(inherited)",
				);
				GCC_SYMBOLS_PRIVATE_EXTERN = NO;
				GCC_WARN_64_TO_32_BIT_CONVERSION = YES;
				GCC_WARN_ABOUT_RETURN_TYPE = YES_ERROR;
				GCC_WARN_UNDECLARED_SELECTOR = YES;
				GCC_WARN_UNINITIALIZED_AUTOS = YES;
				GCC_WARN_UNUSED_FUNCTION = YES;
				GCC_WARN_UNUSED_VARIABLE = YES;
				IPHONEOS_DEPLOYMENT_TARGET = 7.0;
				ONLY_ACTIVE_ARCH = YES;
				SDKROOT = iphoneos;
				TARGETED_DEVICE_FAMILY = "1,2";
			};
			name = Debug;
		};
		24FFED3418C8F06F001D22FE /* Release */ = {
			isa = XCBuildConfiguration;
			buildSettings = {
				ALWAYS_SEARCH_USER_PATHS = NO;
				CLANG_CXX_LANGUAGE_STANDARD = "gnu++0x";
				CLANG_CXX_LIBRARY = "libc++";
				CLANG_ENABLE_MODULES = YES;
				CLANG_ENABLE_OBJC_ARC = YES;
				CLANG_WARN_BOOL_CONVERSION = YES;
				CLANG_WARN_CONSTANT_CONVERSION = YES;
				CLANG_WARN_DIRECT_OBJC_ISA_USAGE = YES_ERROR;
				CLANG_WARN_EMPTY_BODY = YES;
				CLANG_WARN_ENUM_CONVERSION = YES;
				CLANG_WARN_INT_CONVERSION = YES;
				CLANG_WARN_OBJC_ROOT_CLASS = YES_ERROR;
				CLANG_WARN__DUPLICATE_METHOD_MATCH = YES;
				"CODE_SIGN_IDENTITY[sdk=iphoneos*]" = "iPhone Developer";
				COPY_PHASE_STRIP = YES;
				ENABLE_NS_ASSERTIONS = NO;
				GCC_C_LANGUAGE_STANDARD = gnu99;
				GCC_WARN_64_TO_32_BIT_CONVERSION = YES;
				GCC_WARN_ABOUT_RETURN_TYPE = YES_ERROR;
				GCC_WARN_UNDECLARED_SELECTOR = YES;
				GCC_WARN_UNINITIALIZED_AUTOS = YES;
				GCC_WARN_UNUSED_FUNCTION = YES;
				GCC_WARN_UNUSED_VARIABLE = YES;
				IPHONEOS_DEPLOYMENT_TARGET = 7.0;
				SDKROOT = iphoneos;
				TARGETED_DEVICE_FAMILY = "1,2";
				VALIDATE_PRODUCT = YES;
			};
			name = Release;
		};
		24FFED3618C8F06F001D22FE /* Debug */ = {
			isa = XCBuildConfiguration;
			buildSettings = {
				ASSETCATALOG_COMPILER_APPICON_NAME = AppIcon;
				ASSETCATALOG_COMPILER_LAUNCHIMAGE_NAME = LaunchImage;
				GCC_PRECOMPILE_PREFIX_HEADER = YES;
				GCC_PREFIX_HEADER = "OSMViewer/OSMViewer-Prefix.pch";
				INFOPLIST_FILE = "OSMViewer/OSMViewer-Info.plist";
				IPHONEOS_DEPLOYMENT_TARGET = 6.1;
				PRODUCT_NAME = "$(TARGET_NAME)";
				WRAPPER_EXTENSION = app;
			};
			name = Debug;
		};
		24FFED3718C8F06F001D22FE /* Release */ = {
			isa = XCBuildConfiguration;
			buildSettings = {
				ASSETCATALOG_COMPILER_APPICON_NAME = AppIcon;
				ASSETCATALOG_COMPILER_LAUNCHIMAGE_NAME = LaunchImage;
				GCC_PRECOMPILE_PREFIX_HEADER = YES;
				GCC_PREFIX_HEADER = "OSMViewer/OSMViewer-Prefix.pch";
				INFOPLIST_FILE = "OSMViewer/OSMViewer-Info.plist";
				IPHONEOS_DEPLOYMENT_TARGET = 6.1;
				PRODUCT_NAME = "$(TARGET_NAME)";
				WRAPPER_EXTENSION = app;
			};
			name = Release;
		};
		24FFED3918C8F06F001D22FE /* Debug */ = {
			isa = XCBuildConfiguration;
			buildSettings = {
				BUNDLE_LOADER = "$(BUILT_PRODUCTS_DIR)/OSMViewer.app/OSMViewer";
				FRAMEWORK_SEARCH_PATHS = (
					"$(SDKROOT)/Developer/Library/Frameworks",
					"$(inherited)",
					"$(DEVELOPER_FRAMEWORKS_DIR)",
				);
				GCC_PRECOMPILE_PREFIX_HEADER = YES;
				GCC_PREFIX_HEADER = "OSMViewer/OSMViewer-Prefix.pch";
				GCC_PREPROCESSOR_DEFINITIONS = (
					"DEBUG=1",
					"$(inherited)",
				);
				INFOPLIST_FILE = "OSMViewerTests/OSMViewerTests-Info.plist";
				PRODUCT_NAME = "$(TARGET_NAME)";
				TEST_HOST = "$(BUNDLE_LOADER)";
				WRAPPER_EXTENSION = xctest;
			};
			name = Debug;
		};
		24FFED3A18C8F06F001D22FE /* Release */ = {
			isa = XCBuildConfiguration;
			buildSettings = {
				BUNDLE_LOADER = "$(BUILT_PRODUCTS_DIR)/OSMViewer.app/OSMViewer";
				FRAMEWORK_SEARCH_PATHS = (
					"$(SDKROOT)/Developer/Library/Frameworks",
					"$(inherited)",
					"$(DEVELOPER_FRAMEWORKS_DIR)",
				);
				GCC_PRECOMPILE_PREFIX_HEADER = YES;
				GCC_PREFIX_HEADER = "OSMViewer/OSMViewer-Prefix.pch";
				INFOPLIST_FILE = "OSMViewerTests/OSMViewerTests-Info.plist";
				PRODUCT_NAME = "$(TARGET_NAME)";
				TEST_HOST = "$(BUNDLE_LOADER)";
				WRAPPER_EXTENSION = xctest;
			};
			name = Release;
		};
/* End XCBuildConfiguration section */

/* Begin XCConfigurationList section */
		24FFECFB18C8F06E001D22FE /* Build configuration list for PBXProject "OSMViewer" */ = {
			isa = XCConfigurationList;
			buildConfigurations = (
				24FFED3318C8F06F001D22FE /* Debug */,
				24FFED3418C8F06F001D22FE /* Release */,
			);
			defaultConfigurationIsVisible = 0;
			defaultConfigurationName = Release;
		};
		24FFED3518C8F06F001D22FE /* Build configuration list for PBXNativeTarget "OSMViewer" */ = {
			isa = XCConfigurationList;
			buildConfigurations = (
				24FFED3618C8F06F001D22FE /* Debug */,
				24FFED3718C8F06F001D22FE /* Release */,
			);
			defaultConfigurationIsVisible = 0;
			defaultConfigurationName = Release;
		};
		24FFED3818C8F06F001D22FE /* Build configuration list for PBXNativeTarget "OSMViewerTests" */ = {
			isa = XCConfigurationList;
			buildConfigurations = (
				24FFED3918C8F06F001D22FE /* Debug */,
				24FFED3A18C8F06F001D22FE /* Release */,
			);
			defaultConfigurationIsVisible = 0;
			defaultConfigurationName = Release;
		};
/* End XCConfigurationList section */
	};
	rootObject = 24FFECF818C8F06E001D22FE /* Project object */;
}
